
Microsoft Visual Studio Solution File, Format Version 12.00
# Visual Studio Version 17
VisualStudioVersion = 17.14.37628.2
MinimumVisualStudioVersion = 10.0.40219.1
Project("{2150E333-8FDC-42A3-9474-1A3956D46DE8}") = "Task0", "Task0", "{02EA681E-C7D8-13C7-8484-4AC65E1B71E8}"
EndProject
Project("{FAE04EC0-301F-11D3-BF4B-00C04F79EFBC}") = "Tyuiu.VazhnikLN.Sprint5.Task0.V17", "Tyuiu.VazhnikLN.Sprint5.Task0.V17\Tyuiu.VazhnikLN.Sprint5.Task0.V17.csproj", "{BF54AA37-FB2A-46A9-98A7-07E58A5C774B}"
EndProject
Project("{FAE04EC0-301F-11D3-BF4B-00C04F79EFBC}") = "Tyuiu.VazhnikLN.Sprint5.Task0.V17.Lib", "Tyuiu.VazhnikLN.Sprint5.Task0.V17.Lib\Tyuiu.VazhnikLN.Sprint5.Task0.V17.Lib.csproj", "{9ACDED62-E4A1-40AE-B1BB-57CBEBBB33DC}"
EndProject
Project("{FAE04EC0-301F-11D3-BF4B-00C04F79EFBC}") = "Tyuiu.VazhnikLN.Sprint5.Task0.V17.Test", "Tyuiu.VazhnikLN.Sprint5.Task0.V17.Test\Tyuiu.VazhnikLN.Sprint5.Task0.V17.Test.csproj", "{BBC29AE6-3BF1-4DA7-A418-50066C97A8BD}"
EndProject
Project("{2150E333-8FDC-42A3-9474-1A3956D46DE8}") = "Task1", "Task1", "{21573D2D-0222-450C-98DC-5BD8399443E3}"
EndProject
Project("{FAE04EC0-301F-11D3-BF4B-00C04F79EFBC}") = "Tyuiu.VazhnikLN.Sprint5.Task1.V14", "Tyuiu.VazhnikLN.Sprint5.Task1.V14\Tyuiu.VazhnikLN.Sprint5.Task1.V14.csproj", "{A9F72C10-1E32-41D7-AEE9-08E1BD701C5E}"
EndProject
Project("{FAE04EC0-301F-11D3-BF4B-00C04F79EFBC}") = "Tyuiu.VazhnikLN.Sprint5.Task1.V14.Lib", "Tyuiu.VazhnikLN.Sprint5.Task1.V14.Lib\Tyuiu.VazhnikLN.Sprint5.Task1.V14.Lib.csproj", "{81716474-6DBF-44C2-AAAB-E7C700A8E2E6}"
EndProject
Project("{FAE04EC0-301F-11D3-BF4B-00C04F79EFBC}") = "Tyuiu.VazhnikLN.Sprint5.Task1.V14.Test", "Tyuiu.VazhnikLN.Sprint5.Task1.V14.Test\Tyuiu.VazhnikLN.Sprint5.Task1.V14.Test.csproj", "{48260FB0-6FC5-4C84-BF54-3D8619EB8647}"
EndProject
Project("{2150E333-8FDC-42A3-9474-1A3956D46DE8}") = "Task2", "Task2", "{A88BF9A2-5156-4156-99E0-36C3914129F1}"
EndProject
Project("{FAE04EC0-301F-11D3-BF4B-00C04F79EFBC}") = "Tyuiu.VazhnikLN.Sprint5.Task2.V17", "Tyuiu.VazhnikLN.Sprint5.Task2.V17\Tyuiu.VazhnikLN.Sprint5.Task2.V17.csproj", "{6DC28DC1-BA43-4906-920E-8AA0276763C8}"
EndProject
Project("{FAE04EC0-301F-11D3-BF4B-00C04F79EFBC}") = "Tyuiu.VazhnikLN.Sprint5.Task2.V17.Test", "Tyuiu.VazhnikLN.Sprint5.Task2.V17.Test\Tyuiu.VazhnikLN.Sprint5.Task2.V17.Test.csproj", "{12A9DF96-47F1-41A6-8935-98341FF01291}"
EndProject
Project("{FAE04EC0-301F-11D3-BF4B-00C04F79EFBC}") = "Tyuiu.VazhnikLN.Sprint5.Task2.V17.Lib", "Tyuiu.VazhnikLN.Sprint5.Task2.V17.Lib\Tyuiu.VazhnikLN.Sprint5.Task2.V17.Lib.csproj", "{B2805AE9-19F0-43EA-B713-41BCE80B68A0}"
EndProject
Project("{2150E333-8FDC-42A3-9474-1A3956D46DE8}") = "Task3", "Task3", "{FECD51FE-8961-458A-863E-74F870BA5470}"
EndProject
Project("{FAE04EC0-301F-11D3-BF4B-00C04F79EFBC}") = "Tyuiu.VazhnikLN.Sprint5.Task3.V6", "Tyuiu.VazhnikLN.Sprint5.Task3.V6\Tyuiu.VazhnikLN.Sprint5.Task3.V6.csproj", "{97FFD4EB-5486-4DEC-A9FA-46E5E624AD8F}"
EndProject
Project("{FAE04EC0-301F-11D3-BF4B-00C04F79EFBC}") = "Tyuiu.VazhnikLN.Sprint5.Task3.V6.Test", "Tyuiu.VazhnikLN.Sprint5.Task3.V6.Test\Tyuiu.VazhnikLN.Sprint5.Task3.V6.Test.csproj", "{47716E28-A1C9-4E59-A3C1-DB86A7FCEE85}"
EndProject
Project("{FAE04EC0-301F-11D3-BF4B-00C04F79EFBC}") = "Tyuiu.VazhnikLN.Sprint5.Task3.V6.Lib", "Tyuiu.VazhnikLN.Sprint5.Task3.V6.Lib\Tyuiu.VazhnikLN.Sprint5.Task3.V6.Lib.csproj", "{A180F9C6-F5E9-43F3-9A83-3FC286256B7A}"
EndProject
Project("{2150E333-8FDC-42A3-9474-1A3956D46DE8}") = "Task4", "Task4", "{73DB37BB-C526-42F4-AF34-30A705055172}"
EndProject
Project("{FAE04EC0-301F-11D3-BF4B-00C04F79EFBC}") = "Tyuiu.VazhnikLN.Sprint5.Task4.V15", "Tyuiu.VazhnikLN.Sprint5.Task4.V15\Tyuiu.VazhnikLN.Sprint5.Task4.V15.csproj", "{F443BBCE-294B-4142-AD79-B837C8194957}"
EndProject
Project("{FAE04EC0-301F-11D3-BF4B-00C04F79EFBC}") = "Tyuiu.VazhnikLN.Sprint5.Task4.V15.Test", "Tyuiu.VazhnikLN.Sprint5.Task4.V15.Test\Tyuiu.VazhnikLN.Sprint5.Task4.V15.Test.csproj", "{269391D0-B425-4F87-90A4-97975A208BD1}"
EndProject
Project("{FAE04EC0-301F-11D3-BF4B-00C04F79EFBC}") = "Tyuiu.VazhnikLN.Sprint5.Task4.V15.Lib", "Tyuiu.VazhnikLN.Sprint5.Task4.V15.Lib\Tyuiu.VazhnikLN.Sprint5.Task4.V15.Lib.csproj", "{3E48E1F0-7662-419E-9821-2377DCFA132D}"
EndProject
Project("{2150E333-8FDC-42A3-9474-1A3956D46DE8}") = "Task5", "Task5", "{FB1B6CC8-FB3D-4830-A937-04D6C55D222C}"
EndProject
Project("{FAE04EC0-301F-11D3-BF4B-00C04F79EFBC}") = "Tyuiu.VazhnikLN.Sprint5.Task5.V27", "Tyuiu.VazhnikLN.Sprint5.Task5.V27\Tyuiu.VazhnikLN.Sprint5.Task5.V27.csproj", "{AFEF4717-8DFF-4A95-8F26-F4999ABFE945}"
EndProject
Project("{FAE04EC0-301F-11D3-BF4B-00C04F79EFBC}") = "Tyuiu.VazhnikLN.Sprint5.Task5.V27.Lib", "Tyuiu.VazhnikLN.Sprint5.Task5.V27.Lib\Tyuiu.VazhnikLN.Sprint5.Task5.V27.Lib.csproj", "{528755A5-D028-4B69-8E3C-39BFA2ECC4A8}"
EndProject
Project("{FAE04EC0-301F-11D3-BF4B-00C04F79EFBC}") = "Tyuiu.VazhnikLN.Sprint5.Task5.V27.Test", "Tyuiu.VazhnikLN.Sprint5.Task5.V27.Test\Tyuiu.VazhnikLN.Sprint5.Task5.V27.Test.csproj", "{85BB3640-06A9-4340-A7A9-907A192932E4}"
EndProject
Project("{2150E333-8FDC-42A3-9474-1A3956D46DE8}") = "Task6", "Task6", "{18381D94-7DFB-4368-90A0-BCA0A84C9CD5}"
EndProject
Project("{FAE04EC0-301F-11D3-BF4B-00C04F79EFBC}") = "Tyuiu.VazhnikLN.Sprint5.Task6.V9", "Tyuiu.VazhnikLN.Sprint5.Task6.V9\Tyuiu.VazhnikLN.Sprint5.Task6.V9.csproj", "{5C300D54-E4D9-4853-8BE6-4ED5DEBBEE76}"
EndProject
Project("{FAE04EC0-301F-11D3-BF4B-00C04F79EFBC}") = "Tyuiu.VazhnikLN.Sprint5.Task6.V9.Test", "Tyuiu.VazhnikLN.Sprint5.Task6.V9.Test\Tyuiu.VazhnikLN.Sprint5.Task6.V9.Test.csproj", "{D53D4651-3498-4D2F-9384-7B302D3BF651}"
EndProject
Project("{FAE04EC0-301F-11D3-BF4B-00C04F79EFBC}") = "Tyuiu.VazhnikLN.Sprint5.Task6.V9.Lib", "Tyuiu.VazhnikLN.Sprint5.Task6.V9.Lib\Tyuiu.VazhnikLN.Sprint5.Task6.V9.Lib.csproj", "{ACC7AA1B-20EA-4250-950A-ED0E2E59A75F}"
EndProject
Global
	GlobalSection(SolutionConfigurationPlatforms) = preSolution
		Debug|Any CPU = Debug|Any CPU
		Release|Any CPU = Release|Any CPU
	EndGlobalSection
	GlobalSection(ProjectConfigurationPlatforms) = postSolution
		{BF54AA37-FB2A-46A9-98A7-07E58A5C774B}.Debug|Any CPU.ActiveCfg = Debug|Any CPU
		{BF54AA37-FB2A-46A9-98A7-07E58A5C774B}.Debug|Any CPU.Build.0 = Debug|Any CPU
		{BF54AA37-FB2A-46A9-98A7-07E58A5C774B}.Release|Any CPU.ActiveCfg = Release|Any CPU
		{BF54AA37-FB2A-46A9-98A7-07E58A5C774B}.Release|Any CPU.Build.0 = Release|Any CPU
		{9ACDED62-E4A1-40AE-B1BB-57CBEBBB33DC}.Debug|Any CPU.ActiveCfg = Debug|Any CPU
		{9ACDED62-E4A1-40AE-B1BB-57CBEBBB33DC}.Debug|Any CPU.Build.0 = Debug|Any CPU
		{9ACDED62-E4A1-40AE-B1BB-57CBEBBB33DC}.Release|Any CPU.ActiveCfg = Release|Any CPU
		{9ACDED62-E4A1-40AE-B1BB-57CBEBBB33DC}.Release|Any CPU.Build.0 = Release|Any CPU
		{BBC29AE6-3BF1-4DA7-A418-50066C97A8BD}.Debug|Any CPU.ActiveCfg = Debug|Any CPU
		{BBC29AE6-3BF1-4DA7-A418-50066C97A8BD}.Debug|Any CPU.Build.0 = Debug|Any CPU
		{BBC29AE6-3BF1-4DA7-A418-50066C97A8BD}.Release|Any CPU.ActiveCfg = Release|Any CPU
		{BBC29AE6-3BF1-4DA7-A418-50066C97A8BD}.Release|Any CPU.Build.0 = Release|Any CPU
		{A9F72C10-1E32-41D7-AEE9-08E1BD701C5E}.Debug|Any CPU.ActiveCfg = Debug|Any CPU
		{A9F72C10-1E32-41D7-AEE9-08E1BD701C5E}.Debug|Any CPU.Build.0 = Debug|Any CPU
		{A9F72C10-1E32-41D7-AEE9-08E1BD701C5E}.Release|Any CPU.ActiveCfg = Release|Any CPU
		{A9F72C10-1E32-41D7-AEE9-08E1BD701C5E}.Release|Any CPU.Build.0 = Release|Any CPU
		{81716474-6DBF-44C2-AAAB-E7C700A8E2E6}.Debug|Any CPU.ActiveCfg = Debug|Any CPU
		{81716474-6DBF-44C2-AAAB-E7C700A8E2E6}.Debug|Any CPU.Build.0 = Debug|Any CPU
		{81716474-6DBF-44C2-AAAB-E7C700A8E2E6}.Release|Any CPU.ActiveCfg = Release|Any CPU
		{81716474-6DBF-44C2-AAAB-E7C700A8E2E6}.Release|Any CPU.Build.0 = Release|Any CPU
		{48260FB0-6FC5-4C84-BF54-3D8619EB8647}.Debug|Any CPU.ActiveCfg = Debug|Any CPU
		{48260FB0-6FC5-4C84-BF54-3D8619EB8647}.Debug|Any CPU.Build.0 = Debug|Any CPU
		{48260FB0-6FC5-4C84-BF54-3D8619EB8647}.Release|Any CPU.ActiveCfg = Release|Any CPU
		{48260FB0-6FC5-4C84-BF54-3D8619EB8647}.Release|Any CPU.Build.0 = Release|Any CPU
		{6DC28DC1-BA43-4906-920E-8AA0276763C8}.Debug|Any CPU.ActiveCfg = Debug|Any CPU
		{6DC28DC1-BA43-4906-920E-8AA0276763C8}.Debug|Any CPU.Build.0 = Debug|Any CPU
		{6DC28DC1-BA43-4906-920E-8AA0276763C8}.Release|Any CPU.ActiveCfg = Release|Any CPU
		{6DC28DC1-BA43-4906-920E-8AA0276763C8}.Release|Any CPU.Build.0 = Release|Any CPU
		{12A9DF96-47F1-41A6-8935-98341FF01291}.Debug|Any CPU.ActiveCfg = Debug|Any CPU
		{12A9DF96-47F1-41A6-8935-98341FF01291}.Debug|Any CPU.Build.0 = Debug|Any CPU
		{12A9DF96-47F1-41A6-8935-98341FF01291}.Release|Any CPU.ActiveCfg = Release|Any CPU
		{12A9DF96-47F1-41A6-8935-98341FF01291}.Release|Any CPU.Build.0 = Release|Any CPU
		{B2805AE9-19F0-43EA-B713-41BCE80B68A0}.Debug|Any CPU.ActiveCfg = Debug|Any CPU
		{B2805AE9-19F0-43EA-B713-41BCE80B68A0}.Debug|Any CPU.Build.0 = Debug|Any CPU
		{B2805AE9-19F0-43EA-B713-41BCE80B68A0}.Release|Any CPU.ActiveCfg = Release|Any CPU
		{B2805AE9-19F0-43EA-B713-41BCE80B68A0}.Release|Any CPU.Build.0 = Release|Any CPU
		{97FFD4EB-5486-4DEC-A9FA-46E5E624AD8F}.Debug|Any CPU.ActiveCfg = Debug|Any CPU
		{97FFD4EB-5486-4DEC-A9FA-46E5E624AD8F}.Debug|Any CPU.Build.0 = Debug|Any CPU
		{97FFD4EB-5486-4DEC-A9FA-46E5E624AD8F}.Release|Any CPU.ActiveCfg = Release|Any CPU
		{97FFD4EB-5486-4DEC-A9FA-46E5E624AD8F}.Release|Any CPU.Build.0 = Release|Any CPU
		{47716E28-A1C9-4E59-A3C1-DB86A7FCEE85}.Debug|Any CPU.ActiveCfg = Debug|Any CPU
		{47716E28-A1C9-4E59-A3C1-DB86A7FCEE85}.Debug|Any CPU.Build.0 = Debug|Any CPU
		{47716E28-A1C9-4E59-A3C1-DB86A7FCEE85}.Release|Any CPU.ActiveCfg = Release|Any CPU
		{47716E28-A1C9-4E59-A3C1-DB86A7FCEE85}.Release|Any CPU.Build.0 = Release|Any CPU
		{A180F9C6-F5E9-43F3-9A83-3FC286256B7A}.Debug|Any CPU.ActiveCfg = Debug|Any CPU
		{A180F9C6-F5E9-43F3-9A83-3FC286256B7A}.Debug|Any CPU.Build.0 = Debug|Any CPU
		{A180F9C6-F5E9-43F3-9A83-3FC286256B7A}.Release|Any CPU.ActiveCfg = Release|Any CPU
		{A180F9C6-F5E9-43F3-9A83-3FC286256B7A}.Release|Any CPU.Build.0 = Release|Any CPU
		{F443BBCE-294B-4142-AD79-B837C8194957}.Debug|Any CPU.ActiveCfg = Debug|Any CPU
		{F443BBCE-294B-4142-AD79-B837C8194957}.Debug|Any CPU.Build.0 = Debug|Any CPU
		{F443BBCE-294B-4142-AD79-B837C8194957}.Release|Any CPU.ActiveCfg = Release|Any CPU
		{F443BBCE-294B-4142-AD79-B837C8194957}.Release|Any CPU.Build.0 = Release|Any CPU
		{269391D0-B425-4F87-90A4-97975A208BD1}.Debug|Any CPU.ActiveCfg = Debug|Any CPU
		{269391D0-B425-4F87-90A4-97975A208BD1}.Debug|Any CPU.Build.0 = Debug|Any CPU
		{269391D0-B425-4F87-90A4-97975A208BD1}.Release|Any CPU.ActiveCfg = Release|Any CPU
		{269391D0-B425-4F87-90A4-97975A208BD1}.Release|Any CPU.Build.0 = Release|Any CPU
		{3E48E1F0-7662-419E-9821-2377DCFA132D}.Debug|Any CPU.ActiveCfg = Debug|Any CPU
		{3E48E1F0-7662-419E-9821-2377DCFA132D}.Debug|Any CPU.Build.0 = Debug|Any CPU
		{3E48E1F0-7662-419E-9821-2377DCFA132D}.Release|Any CPU.ActiveCfg = Release|Any CPU
		{3E48E1F0-7662-419E-9821-2377DCFA132D}.Release|Any CPU.Build.0 = Release|Any CPU
		{AFEF4717-8DFF-4A95-8F26-F4999ABFE945}.Debug|Any CPU.ActiveCfg = Debug|Any CPU
		{AFEF4717-8DFF-4A95-8F26-F4999ABFE945}.Debug|Any CPU.Build.0 = Debug|Any CPU
		{AFEF4717-8DFF-4A95-8F26-F4999ABFE945}.Release|Any CPU.ActiveCfg = Release|Any CPU
		{AFEF4717-8DFF-4A95-8F26-F4999ABFE945}.Release|Any CPU.Build.0 = Release|Any CPU
		{528755A5-D028-4B69-8E3C-39BFA2ECC4A8}.Debug|Any CPU.ActiveCfg = Debug|Any CPU
		{528755A5-D028-4B69-8E3C-39BFA2ECC4A8}.Debug|Any CPU.Build.0 = Debug|Any CPU
		{528755A5-D028-4B69-8E3C-39BFA2ECC4A8}.Release|Any CPU.ActiveCfg = Release|Any CPU
		{528755A5-D028-4B69-8E3C-39BFA2ECC4A8}.Release|Any CPU.Build.0 = Release|Any CPU
		{85BB3640-06A9-4340-A7A9-907A192932E4}.Debug|Any CPU.ActiveCfg = Debug|Any CPU
		{85BB3640-06A9-4340-A7A9-907A192932E4}.Debug|Any CPU.Build.0 = Debug|Any CPU
		{85BB3640-06A9-4340-A7A9-907A192932E4}.Release|Any CPU.ActiveCfg = Release|Any CPU
		{85BB3640-06A9-4340-A7A9-907A192932E4}.Release|Any CPU.Build.0 = Release|Any CPU
		{5C300D54-E4D9-4853-8BE6-4ED5DEBBEE76}.Debug|Any CPU.ActiveCfg = Debug|Any CPU
		{5C300D54-E4D9-4853-8BE6-4ED5DEBBEE76}.Debug|Any CPU.Build.0 = Debug|Any CPU
		{5C300D54-E4D9-4853-8BE6-4ED5DEBBEE76}.Release|Any CPU.ActiveCfg = Release|Any CPU
		{5C300D54-E4D9-4853-8BE6-4ED5DEBBEE76}.Release|Any CPU.Build.0 = Release|Any CPU
		{D53D4651-3498-4D2F-9384-7B302D3BF651}.Debug|Any CPU.ActiveCfg = Debug|Any CPU
		{D53D4651-3498-4D2F-9384-7B302D3BF651}.Debug|Any CPU.Build.0 = Debug|Any CPU
		{D53D4651-3498-4D2F-9384-7B302D3BF651}.Release|Any CPU.ActiveCfg = Release|Any CPU
		{D53D4651-3498-4D2F-9384-7B302D3BF651}.Release|Any CPU.Build.0 = Release|Any CPU
		{ACC7AA1B-20EA-4250-950A-ED0E2E59A75F}.Debug|Any CPU.ActiveCfg = Debug|Any CPU
		{ACC7AA1B-20EA-4250-950A-ED0E2E59A75F}.Debug|Any CPU.Build.0 = Debug|Any CPU
		{ACC7AA1B-20EA-4250-950A-ED0E2E59A75F}.Release|Any CPU.ActiveCfg = Release|Any CPU
		{ACC7AA1B-20EA-4250-950A-ED0E2E59A75F}.Release|Any CPU.Build.0 = Release|Any CPU
	EndGlobalSection
	GlobalSection(SolutionProperties) = preSolution
		HideSolutionNode = FALSE
	EndGlobalSection
	GlobalSection(NestedProjects) = preSolution
		{BF54AA37-FB2A-46A9-98A7-07E58A5C774B} = {02EA681E-C7D8-13C7-8484-4AC65E1B71E8}
		{9ACDED62-E4A1-40AE-B1BB-57CBEBBB33DC} = {02EA681E-C7D8-13C7-8484-4AC65E1B71E8}
		{BBC29AE6-3BF1-4DA7-A418-50066C97A8BD} = {02EA681E-C7D8-13C7-8484-4AC65E1B71E8}
		{A9F72C10-1E32-41D7-AEE9-08E1BD701C5E} = {21573D2D-0222-450C-98DC-5BD8399443E3}
		{81716474-6DBF-44C2-AAAB-E7C700A8E2E6} = {21573D2D-0222-450C-98DC-5BD8399443E3}
		{48260FB0-6FC5-4C84-BF54-3D8619EB8647} = {21573D2D-0222-450C-98DC-5BD8399443E3}
		{6DC28DC1-BA43-4906-920E-8AA0276763C8} = {A88BF9A2-5156-4156-99E0-36C3914129F1}
		{12A9DF96-47F1-41A6-8935-98341FF01291} = {A88BF9A2-5156-4156-99E0-36C3914129F1}
		{B2805AE9-19F0-43EA-B713-41BCE80B68A0} = {A88BF9A2-5156-4156-99E0-36C3914129F1}
		{97FFD4EB-5486-4DEC-A9FA-46E5E624AD8F} = {FECD51FE-8961-458A-863E-74F870BA5470}
		{47716E28-A1C9-4E59-A3C1-DB86A7FCEE85} = {FECD51FE-8961-458A-863E-74F870BA5470}
		{A180F9C6-F5E9-43F3-9A83-3FC286256B7A} = {FECD51FE-8961-458A-863E-74F870BA5470}
		{F443BBCE-294B-4142-AD79-B837C8194957} = {73DB37BB-C526-42F4-AF34-30A705055172}
		{269391D0-B425-4F87-90A4-97975A208BD1} = {73DB37BB-C526-42F4-AF34-30A705055172}
		{3E48E1F0-7662-419E-9821-2377DCFA132D} = {73DB37BB-C526-42F4-AF34-30A705055172}
		{AFEF4717-8DFF-4A95-8F26-F4999ABFE945} = {FB1B6CC8-FB3D-4830-A937-04D6C55D222C}
		{528755A5-D028-4B69-8E3C-39BFA2ECC4A8} = {FB1B6CC8-FB3D-4830-A937-04D6C55D222C}
		{85BB3640-06A9-4340-A7A9-907A192932E4} = {FB1B6CC8-FB3D-4830-A937-04D6C55D222C}
		{5C300D54-E4D9-4853-8BE6-4ED5DEBBEE76} = {18381D94-7DFB-4368-90A0-BCA0A84C9CD5}
		{D53D4651-3498-4D2F-9384-7B302D3BF651} = {18381D94-7DFB-4368-90A0-BCA0A84C9CD5}
		{ACC7AA1B-20EA-4250-950A-ED0E2E59A75F} = {18381D94-7DFB-4368-90A0-BCA0A84C9CD5}
	EndGlobalSection
	GlobalSection(ExtensibilityGlobals) = postSolution
		SolutionGuid = {72341C62-1087-46B5-82E6-1D87C6C06A30}
	EndGlobalSection
EndGlobal
